// !$*UTF8*$!
{
	archiveVersion = 1;
	classes = {
	};
	objectVersion = 46;
	objects = {

/* Begin PBXBuildFile section */
		0D41FD1E1829AE2F0061C0E6 /* MainViewController.m in Sources */ = {isa = PBXBuildFile; fileRef = 0D41FD1C1829AE2F0061C0E6 /* MainViewController.m */; };
		0D41FD1F1829AE2F0061C0E6 /* MainViewController.xib in Resources */ = {isa = PBXBuildFile; fileRef = 0D41FD1D1829AE2F0061C0E6 /* MainViewController.xib */; };
		0D4FD0E61826CCD000E064A0 /* Foundation.framework in Frameworks */ = {isa = PBXBuildFile; fileRef = 0D4FD0E51826CCD000E064A0 /* Foundation.framework */; };
		0D4FD0E81826CCD000E064A0 /* CoreGraphics.framework in Frameworks */ = {isa = PBXBuildFile; fileRef = 0D4FD0E71826CCD000E064A0 /* CoreGraphics.framework */; };
		0D4FD0EA1826CCD000E064A0 /* UIKit.framework in Frameworks */ = {isa = PBXBuildFile; fileRef = 0D4FD0E91826CCD000E064A0 /* UIKit.framework */; };
		0D4FD0F01826CCD000E064A0 /* InfoPlist.strings in Resources */ = {isa = PBXBuildFile; fileRef = 0D4FD0EE1826CCD000E064A0 /* InfoPlist.strings */; };
		0D4FD0F21826CCD000E064A0 /* main.m in Sources */ = {isa = PBXBuildFile; fileRef = 0D4FD0F11826CCD000E064A0 /* main.m */; };
		0D4FD0F61826CCD000E064A0 /* AppDelegate.m in Sources */ = {isa = PBXBuildFile; fileRef = 0D4FD0F51826CCD000E064A0 /* AppDelegate.m */; };
		0D4FD0F81826CCD000E064A0 /* Images.xcassets in Resources */ = {isa = PBXBuildFile; fileRef = 0D4FD0F71826CCD000E064A0 /* Images.xcassets */; };
		0D50065B1829AF9A00005697 /* AppPeerIOS.framework in Frameworks */ = {isa = PBXBuildFile; fileRef = 0D50065A1829AF9A00005697 /* AppPeerIOS.framework */; };
/* End PBXBuildFile section */

/* Begin PBXFileReference section */
		0D41FD1B1829AE2F0061C0E6 /* MainViewController.h */ = {isa = PBXFileReference; fileEncoding = 4; lastKnownFileType = sourcecode.c.h; path = MainViewController.h; sourceTree = "<group>"; };
		0D41FD1C1829AE2F0061C0E6 /* MainViewController.m */ = {isa = PBXFileReference; fileEncoding = 4; lastKnownFileType = sourcecode.c.objc; path = MainViewController.m; sourceTree = "<group>"; };
		0D41FD1D1829AE2F0061C0E6 /* MainViewController.xib */ = {isa = PBXFileReference; fileEncoding = 4; lastKnownFileType = file.xib; path = MainViewController.xib; sourceTree = "<group>"; };
		0D4FD0E21826CCD000E064A0 /* PeerApp.app */ = {isa = PBXFileReference; explicitFileType = wrapper.application; includeInIndex = 0; path = PeerApp.app; sourceTree = BUILT_PRODUCTS_DIR; };
		0D4FD0E51826CCD000E064A0 /* Foundation.framework */ = {isa = PBXFileReference; lastKnownFileType = wrapper.framework; name = Foundation.framework; path = System/Library/Frameworks/Foundation.framework; sourceTree = SDKROOT; };
		0D4FD0E71826CCD000E064A0 /* CoreGraphics.framework */ = {isa = PBXFileReference; lastKnownFileType = wrapper.framework; name = CoreGraphics.framework; path = System/Library/Frameworks/CoreGraphics.framework; sourceTree = SDKROOT; };
		0D4FD0E91826CCD000E064A0 /* UIKit.framework */ = {isa = PBXFileReference; lastKnownFileType = wrapper.framework; name = UIKit.framework; path = System/Library/Frameworks/UIKit.framework; sourceTree = SDKROOT; };
		0D4FD0ED1826CCD000E064A0 /* PeerApp-Info.plist */ = {isa = PBXFileReference; lastKnownFileType = text.plist.xml; path = "PeerApp-Info.plist"; sourceTree = "<group>"; };
		0D4FD0EF1826CCD000E064A0 /* en */ = {isa = PBXFileReference; lastKnownFileType = text.plist.strings; name = en; path = en.lproj/InfoPlist.strings; sourceTree = "<group>"; };
		0D4FD0F11826CCD000E064A0 /* main.m */ = {isa = PBXFileReference; lastKnownFileType = sourcecode.c.objc; path = main.m; sourceTree = "<group>"; };
		0D4FD0F31826CCD000E064A0 /* PeerApp-Prefix.pch */ = {isa = PBXFileReference; lastKnownFileType = sourcecode.c.h; path = "PeerApp-Prefix.pch"; sourceTree = "<group>"; };
		0D4FD0F41826CCD000E064A0 /* AppDelegate.h */ = {isa = PBXFileReference; lastKnownFileType = sourcecode.c.h; path = AppDelegate.h; sourceTree = "<group>"; };
		0D4FD0F51826CCD000E064A0 /* AppDelegate.m */ = {isa = PBXFileReference; lastKnownFileType = sourcecode.c.objc; path = AppDelegate.m; sourceTree = "<group>"; };
		0D4FD0F71826CCD000E064A0 /* Images.xcassets */ = {isa = PBXFileReference; lastKnownFileType = folder.assetcatalog; path = Images.xcassets; sourceTree = "<group>"; };
		0D4FD0FE1826CCD000E064A0 /* XCTest.framework */ = {isa = PBXFileReference; lastKnownFileType = wrapper.framework; name = XCTest.framework; path = Library/Frameworks/XCTest.framework; sourceTree = DEVELOPER_DIR; };
		0D50065A1829AF9A00005697 /* AppPeerIOS.framework */ = {isa = PBXFileReference; lastKnownFileType = wrapper.framework; name = AppPeerIOS.framework; path = "../../../Library/Developer/Xcode/DerivedData/PeerDemo-epacbielfeheodezsfkvtawcwicd/Build/Products/Debug/AppPeerIOS.framework"; sourceTree = "<group>"; };
/* End PBXFileReference section */

/* Begin PBXFrameworksBuildPhase section */
		0D4FD0DF1826CCD000E064A0 /* Frameworks */ = {
			isa = PBXFrameworksBuildPhase;
			buildActionMask = 2147483647;
			files = (
				0D50065B1829AF9A00005697 /* AppPeerIOS.framework in Frameworks */,
				0D4FD0E81826CCD000E064A0 /* CoreGraphics.framework in Frameworks */,
				0D4FD0EA1826CCD000E064A0 /* UIKit.framework in Frameworks */,
				0D4FD0E61826CCD000E064A0 /* Foundation.framework in Frameworks */,
			);
			runOnlyForDeploymentPostprocessing = 0;
		};
/* End PBXFrameworksBuildPhase section */

/* Begin PBXGroup section */
		0D4FD0D91826CCD000E064A0 = {
			isa = PBXGroup;
			children = (
				0D4FD0EB1826CCD000E064A0 /* PeerApp */,
				0D4FD0E41826CCD000E064A0 /* Frameworks */,
				0D4FD0E31826CCD000E064A0 /* Products */,
			);
			sourceTree = "<group>";
		};
		0D4FD0E31826CCD000E064A0 /* Products */ = {
			isa = PBXGroup;
			children = (
				0D4FD0E21826CCD000E064A0 /* PeerApp.app */,
			);
			name = Products;
			sourceTree = "<group>";
		};
		0D4FD0E41826CCD000E064A0 /* Frameworks */ = {
			isa = PBXGroup;
			children = (
				0D50065A1829AF9A00005697 /* AppPeerIOS.framework */,
				0D4FD0E51826CCD000E064A0 /* Foundation.framework */,
				0D4FD0E71826CCD000E064A0 /* CoreGraphics.framework */,
				0D4FD0E91826CCD000E064A0 /* UIKit.framework */,
				0D4FD0FE1826CCD000E064A0 /* XCTest.framework */,
			);
			name = Frameworks;
			sourceTree = "<group>";
		};
		0D4FD0EB1826CCD000E064A0 /* PeerApp */ = {
			isa = PBXGroup;
			children = (
				0D4FD0F41826CCD000E064A0 /* AppDelegate.h */,
				0D4FD0F51826CCD000E064A0 /* AppDelegate.m */,
				0D4FD0F71826CCD000E064A0 /* Images.xcassets */,
				0D4FD0EC1826CCD000E064A0 /* Supporting Files */,
				0D41FD1B1829AE2F0061C0E6 /* MainViewController.h */,
				0D41FD1C1829AE2F0061C0E6 /* MainViewController.m */,
				0D41FD1D1829AE2F0061C0E6 /* MainViewController.xib */,
			);
			path = PeerApp;
			sourceTree = "<group>";
		};
		0D4FD0EC1826CCD000E064A0 /* Supporting Files */ = {
			isa = PBXGroup;
			children = (
				0D4FD0ED1826CCD000E064A0 /* PeerApp-Info.plist */,
				0D4FD0EE1826CCD000E064A0 /* InfoPlist.strings */,
				0D4FD0F11826CCD000E064A0 /* main.m */,
				0D4FD0F31826CCD000E064A0 /* PeerApp-Prefix.pch */,
			);
			name = "Supporting Files";
			sourceTree = "<group>";
		};
/* End PBXGroup section */

/* Begin PBXNativeTarget section */
		0D4FD0E11826CCD000E064A0 /* PeerApp */ = {
			isa = PBXNativeTarget;
			buildConfigurationList = 0D4FD10E1826CCD000E064A0 /* Build configuration list for PBXNativeTarget "PeerApp" */;
			buildPhases = (
				0D4FD0DE1826CCD000E064A0 /* Sources */,
				0D4FD0DF1826CCD000E064A0 /* Frameworks */,
				0D4FD0E01826CCD000E064A0 /* Resources */,
			);
			buildRules = (
			);
			dependencies = (
			);
			name = PeerApp;
			productName = PeerApp;
			productReference = 0D4FD0E21826CCD000E064A0 /* PeerApp.app */;
			productType = "com.apple.product-type.application";
		};
/* End PBXNativeTarget section */

/* Begin PBXProject section */
		0D4FD0DA1826CCD000E064A0 /* Project object */ = {
			isa = PBXProject;
			attributes = {
				LastUpgradeCheck = 0500;
				ORGANIZATIONNAME = "Wherecloud Inc.";
				TargetAttributes = {
					0D4FD0E11826CCD000E064A0 = {
						DevelopmentTeam = YXW8YWB9K4;
					};
				};
			};
			buildConfigurationList = 0D4FD0DD1826CCD000E064A0 /* Build configuration list for PBXProject "PeerApp" */;
			compatibilityVersion = "Xcode 3.2";
			developmentRegion = English;
			hasScannedForEncodings = 0;
			knownRegions = (
				en,
			);
			mainGroup = 0D4FD0D91826CCD000E064A0;
			productRefGroup = 0D4FD0E31826CCD000E064A0 /* Products */;
			projectDirPath = "";
			projectRoot = "";
			targets = (
				0D4FD0E11826CCD000E064A0 /* PeerApp */,
			);
		};
/* End PBXProject section */

/* Begin PBXResourcesBuildPhase section */
		0D4FD0E01826CCD000E064A0 /* Resources */ = {
			isa = PBXResourcesBuildPhase;
			buildActionMask = 2147483647;
			files = (
				0D4FD0F01826CCD000E064A0 /* InfoPlist.strings in Resources */,
				0D41FD1F1829AE2F0061C0E6 /* MainViewController.xib in Resources */,
				0D4FD0F81826CCD000E064A0 /* Images.xcassets in Resources */,
			);
			runOnlyForDeploymentPostprocessing = 0;
		};
/* End PBXResourcesBuildPhase section */

/* Begin PBXSourcesBuildPhase section */
		0D4FD0DE1826CCD000E064A0 /* Sources */ = {
			isa = PBXSourcesBuildPhase;
			buildActionMask = 2147483647;
			files = (
				0D4FD0F61826CCD000E064A0 /* AppDelegate.m in Sources */,
				0D41FD1E1829AE2F0061C0E6 /* MainViewController.m in Sources */,
				0D4FD0F21826CCD000E064A0 /* main.m in Sources */,
			);
			runOnlyForDeploymentPostprocessing = 0;
		};
/* End PBXSourcesBuildPhase section */

/* Begin PBXVariantGroup section */
		0D4FD0EE1826CCD000E064A0 /* InfoPlist.strings */ = {
			isa = PBXVariantGroup;
			children = (
				0D4FD0EF1826CCD000E064A0 /* en */,
			);
			name = InfoPlist.strings;
			sourceTree = "<group>";
		};
/* End PBXVariantGroup section */

/* Begin XCBuildConfiguration section */
		0D4FD10C1826CCD000E064A0 /* Debug */ = {
			isa = XCBuildConfiguration;
			buildSettings = {
				ALWAYS_SEARCH_USER_PATHS = NO;
				ARCHS = "$(ARCHS_STANDARD_INCLUDING_64_BIT)";
				CLANG_CXX_LANGUAGE_STANDARD = "gnu++0x";
				CLANG_CXX_LIBRARY = "libc++";
				CLANG_ENABLE_MODULES = YES;
				CLANG_ENABLE_OBJC_ARC = YES;
				CLANG_WARN_BOOL_CONVERSION = YES;
				CLANG_WARN_CONSTANT_CONVERSION = YES;
				CLANG_WARN_DIRECT_OBJC_ISA_USAGE = YES_ERROR;
				CLANG_WARN_EMPTY_BODY = YES;
				CLANG_WARN_ENUM_CONVERSION = YES;
				CLANG_WARN_INT_CONVERSION = YES;
				CLANG_WARN_OBJC_ROOT_CLASS = YES_ERROR;
				CLANG_WARN__DUPLICATE_METHOD_MATCH = YES;
				"CODE_SIGN_IDENTITY[sdk=iphoneos*]" = "iPhone Developer";
				COPY_PHASE_STRIP = NO;
				GCC_C_LANGUAGE_STANDARD = gnu99;
				GCC_DYNAMIC_NO_PIC = NO;
				GCC_OPTIMIZATION_LEVEL = 0;
				GCC_PREPROCESSOR_DEFINITIONS = (
					"DEBUG=1",
					"$(inherited)",
				);
				GCC_SYMBOLS_PRIVATE_EXTERN = NO;
				GCC_WARN_64_TO_32_BIT_CONVERSION = YES;
				GCC_WARN_ABOUT_RETURN_TYPE = YES_ERROR;
				GCC_WARN_UNDECLARED_SELECTOR = YES;
				GCC_WARN_UNINITIALIZED_AUTOS = YES;
				GCC_WARN_UNUSED_FUNCTION = YES;
				GCC_WARN_UNUSED_VARIABLE = YES;
				IPHONEOS_DEPLOYMENT_TARGET = 7.0;
				ONLY_ACTIVE_ARCH = YES;
				SDKROOT = iphoneos;
			};
			name = Debug;
		};
		0D4FD10D1826CCD000E064A0 /* Release */ = {
			isa = XCBuildConfiguration;
			buildSettings = {
				ALWAYS_SEARCH_USER_PATHS = NO;
				ARCHS = "$(ARCHS_STANDARD_INCLUDING_64_BIT)";
				CLANG_CXX_LANGUAGE_STANDARD = "gnu++0x";
				CLANG_CXX_LIBRARY = "libc++";
				CLANG_ENABLE_MODULES = YES;
				CLANG_ENABLE_OBJC_ARC = YES;
				CLANG_WARN_BOOL_CONVERSION = YES;
				CLANG_WARN_CONSTANT_CONVERSION = YES;
				CLANG_WARN_DIRECT_OBJC_ISA_USAGE = YES_ERROR;
				CLANG_WARN_EMPTY_BODY = YES;
				CLANG_WARN_ENUM_CONVERSION = YES;
				CLANG_WARN_INT_CONVERSION = YES;
				CLANG_WARN_OBJC_ROOT_CLASS = YES_ERROR;
				CLANG_WARN__DUPLICATE_METHOD_MATCH = YES;
				"CODE_SIGN_IDENTITY[sdk=iphoneos*]" = "iPhone Developer";
				COPY_PHASE_STRIP = YES;
				ENABLE_NS_ASSERTIONS = NO;
				GCC_C_LANGUAGE_STANDARD = gnu99;
				GCC_WARN_64_TO_32_BIT_CONVERSION = YES;
				GCC_WARN_ABOUT_RETURN_TYPE = YES_ERROR;
				GCC_WARN_UNDECLARED_SELECTOR = YES;
				GCC_WARN_UNINITIALIZED_AUTOS = YES;
				GCC_WARN_UNUSED_FUNCTION = YES;
				GCC_WARN_UNUSED_VARIABLE = YES;
				IPHONEOS_DEPLOYMENT_TARGET = 7.0;
				SDKROOT = iphoneos;
				VALIDATE_PRODUCT = YES;
			};
			name = Release;
		};
		0D4FD10F1826CCD000E064A0 /* Debug */ = {
			isa = XCBuildConfiguration;
			buildSettings = {
				ASSETCATALOG_COMPILER_APPICON_NAME = AppIcon;
				ASSETCATALOG_COMPILER_LAUNCHIMAGE_NAME = LaunchImage;
				CODE_SIGN_IDENTITY = "iPhone Developer";
				"CODE_SIGN_IDENTITY[sdk=iphoneos*]" = "iPhone Developer";
				FRAMEWORK_SEARCH_PATHS = (
					"$(inherited)",
					"$(USER_LIBRARY_DIR)/Developer/Xcode/DerivedData/PeerDemo-epacbielfeheodezsfkvtawcwicd/Build/Products/Debug",
				);
				GCC_PRECOMPILE_PREFIX_HEADER = YES;
				GCC_PREFIX_HEADER = "PeerApp/PeerApp-Prefix.pch";
				INFOPLIST_FILE = "PeerApp/PeerApp-Info.plist";
				LIBRARY_SEARCH_PATHS = (
					"$(inherited)",
					"$(USER_LIBRARY_DIR)/Developer/Xcode/DerivedData/PeerDemo-epacbielfeheodezsfkvtawcwicd/Build/Products/Debug",
				);
				PRODUCT_NAME = "$(TARGET_NAME)";
				PROVISIONING_PROFILE = "";
				WRAPPER_EXTENSION = app;
			};
			name = Debug;
		};
		0D4FD1101826CCD000E064A0 /* Release */ = {
			isa = XCBuildConfiguration;
			buildSettings = {
				ASSETCATALOG_COMPILER_APPICON_NAME = AppIcon;
				ASSETCATALOG_COMPILER_LAUNCHIMAGE_NAME = LaunchImage;
				CODE_SIGN_IDENTITY = "iPhone Developer";
				"CODE_SIGN_IDENTITY[sdk=iphoneos*]" = "iPhone Developer";
				FRAMEWORK_SEARCH_PATHS = (
					"$(inherited)",
					"$(USER_LIBRARY_DIR)/Developer/Xcode/DerivedData/PeerDemo-epacbielfeheodezsfkvtawcwicd/Build/Products/Debug",
				);
				GCC_PRECOMPILE_PREFIX_HEADER = YES;
				GCC_PREFIX_HEADER = "PeerApp/PeerApp-Prefix.pch";
				INFOPLIST_FILE = "PeerApp/PeerApp-Info.plist";
				LIBRARY_SEARCH_PATHS = (
					"$(inherited)",
					"$(USER_LIBRARY_DIR)/Developer/Xcode/DerivedData/PeerDemo-epacbielfeheodezsfkvtawcwicd/Build/Products/Debug",
				);
				PRODUCT_NAME = "$(TARGET_NAME)";
				PROVISIONING_PROFILE = "";
				WRAPPER_EXTENSION = app;
			};
			name = Release;
		};
/* End XCBuildConfiguration section */

/* Begin XCConfigurationList section */
		0D4FD0DD1826CCD000E064A0 /* Build configuration list for PBXProject "PeerApp" */ = {
			isa = XCConfigurationList;
			buildConfigurations = (
				0D4FD10C1826CCD000E064A0 /* Debug */,
				0D4FD10D1826CCD000E064A0 /* Release */,
			);
			defaultConfigurationIsVisible = 0;
			defaultConfigurationName = Release;
		};
		0D4FD10E1826CCD000E064A0 /* Build configuration list for PBXNativeTarget "PeerApp" */ = {
			isa = XCConfigurationList;
			buildConfigurations = (
				0D4FD10F1826CCD000E064A0 /* Debug */,
				0D4FD1101826CCD000E064A0 /* Release */,
			);
			defaultConfigurationIsVisible = 0;
			defaultConfigurationName = Release;
		};
/* End XCConfigurationList section */
	};
	rootObject = 0D4FD0DA1826CCD000E064A0 /* Project object */;
}
